
Microsoft Visual Studio Solution File, Format Version 12.00
# Visual Studio Version 17
VisualStudioVersion = 17.8.34408.163
MinimumVisualStudioVersion = 10.0.40219.1
Project("{FAE04EC0-301F-11D3-BF4B-00C04F79EFBC}") = "FormInformaciq13.02.24", "FormInformaciq13.02.24\FormInformaciq13.02.24.csproj", "{04D128D0-03CF-4543-BEAE-0798ECB7823F}"
EndProject
Global
	GlobalSection(SolutionConfigurationPlatforms) = preSolution
		Debug|Any CPU = Debug|Any CPU
		Release|Any CPU = Release|Any CPU
	EndGlobalSection
	GlobalSection(ProjectConfigurationPlatforms) = postSolution
		{04D128D0-03CF-4543-BEAE-0798ECB7823F}.Debug|Any CPU.ActiveCfg = Debug|Any CPU
		{04D128D0-03CF-4543-BEAE-0798ECB7823F}.Debug|Any CPU.Build.0 = Debug|Any CPU
		{04D128D0-03CF-4543-BEAE-0798ECB7823F}.Release|Any CPU.ActiveCfg = Release|Any CPU
		{04D128D0-03CF-4543-BEAE-0798ECB7823F}.Release|Any CPU.Build.0 = Release|Any CPU
	EndGlobalSection
	GlobalSection(SolutionProperties) = preSolution
		HideSolutionNode = FALSE
	EndGlobalSection
	GlobalSection(ExtensibilityGlobals) = postSolution
		SolutionGuid = {CEBD8B8C-E6A4-42CF-ABFA-D0363F745651}
	EndGlobalSection
EndGlobal
